
Microsoft Visual Studio Solution File, Format Version 12.00
# Visual Studio Version 16
VisualStudioVersion = 16.0.31729.503
MinimumVisualStudioVersion = 10.0.40219.1
Project("{FAE04EC0-301F-11D3-BF4B-00C04F79EFBC}") = "ACM.BL", "ACM\ACM.BL.csproj", "{FBE4B0A1-A25A-4B29-9161-B11C92CDB5D9}"
EndProject
Project("{2150E333-8FDC-42A3-9474-1A3956D46DE8}") = "Tests", "Tests", "{6CA7F8E3-D223-4982-B7FC-FCBD6EBCFE22}"
EndProject
Project("{FAE04EC0-301F-11D3-BF4B-00C04F79EFBC}") = "ACM.BLTest", "Tests\ACM.Test\ACM.BLTest.csproj", "{6B602824-F3DB-4364-A3F6-D9E977972451}"
EndProject
Project("{FAE04EC0-301F-11D3-BF4B-00C04F79EFBC}") = "Acme.Common", "Acme.Common\Acme.Common.csproj", "{653DD50A-F80A-4152-A523-79EDBD1F79C8}"
EndProject
Project("{FAE04EC0-301F-11D3-BF4B-00C04F79EFBC}") = "Acme.CommonTest", "Acme.CommonTest\Acme.CommonTest.csproj", "{F43C56FC-D98F-4256-B78F-989782CEB0F5}"
EndProject
Global
	GlobalSection(SolutionConfigurationPlatforms) = preSolution
		Debug|Any CPU = Debug|Any CPU
		Release|Any CPU = Release|Any CPU
	EndGlobalSection
	GlobalSection(ProjectConfigurationPlatforms) = postSolution
		{FBE4B0A1-A25A-4B29-9161-B11C92CDB5D9}.Debug|Any CPU.ActiveCfg = Debug|Any CPU
		{FBE4B0A1-A25A-4B29-9161-B11C92CDB5D9}.Debug|Any CPU.Build.0 = Debug|Any CPU
		{FBE4B0A1-A25A-4B29-9161-B11C92CDB5D9}.Release|Any CPU.ActiveCfg = Release|Any CPU
		{FBE4B0A1-A25A-4B29-9161-B11C92CDB5D9}.Release|Any CPU.Build.0 = Release|Any CPU
		{6B602824-F3DB-4364-A3F6-D9E977972451}.Debug|Any CPU.ActiveCfg = Debug|Any CPU
		{6B602824-F3DB-4364-A3F6-D9E977972451}.Debug|Any CPU.Build.0 = Debug|Any CPU
		{6B602824-F3DB-4364-A3F6-D9E977972451}.Release|Any CPU.ActiveCfg = Release|Any CPU
		{6B602824-F3DB-4364-A3F6-D9E977972451}.Release|Any CPU.Build.0 = Release|Any CPU
		{653DD50A-F80A-4152-A523-79EDBD1F79C8}.Debug|Any CPU.ActiveCfg = Debug|Any CPU
		{653DD50A-F80A-4152-A523-79EDBD1F79C8}.Debug|Any CPU.Build.0 = Debug|Any CPU
		{653DD50A-F80A-4152-A523-79EDBD1F79C8}.Release|Any CPU.ActiveCfg = Release|Any CPU
		{653DD50A-F80A-4152-A523-79EDBD1F79C8}.Release|Any CPU.Build.0 = Release|Any CPU
		{F43C56FC-D98F-4256-B78F-989782CEB0F5}.Debug|Any CPU.ActiveCfg = Debug|Any CPU
		{F43C56FC-D98F-4256-B78F-989782CEB0F5}.Debug|Any CPU.Build.0 = Debug|Any CPU
		{F43C56FC-D98F-4256-B78F-989782CEB0F5}.Release|Any CPU.ActiveCfg = Release|Any CPU
		{F43C56FC-D98F-4256-B78F-989782CEB0F5}.Release|Any CPU.Build.0 = Release|Any CPU
	EndGlobalSection
	GlobalSection(SolutionProperties) = preSolution
		HideSolutionNode = FALSE
	EndGlobalSection
	GlobalSection(NestedProjects) = preSolution
		{6B602824-F3DB-4364-A3F6-D9E977972451} = {6CA7F8E3-D223-4982-B7FC-FCBD6EBCFE22}
		{F43C56FC-D98F-4256-B78F-989782CEB0F5} = {6CA7F8E3-D223-4982-B7FC-FCBD6EBCFE22}
	EndGlobalSection
	GlobalSection(ExtensibilityGlobals) = postSolution
		SolutionGuid = {EDCC0574-6543-4904-AC85-B74EFD89EE36}
	EndGlobalSection
EndGlobal
