
Microsoft Visual Studio Solution File, Format Version 12.00
# Visual Studio Version 16
VisualStudioVersion = 16.0.31729.503
MinimumVisualStudioVersion = 10.0.40219.1
Project("{FAE04EC0-301F-11D3-BF4B-00C04F79EFBC}") = "OrgServiceQuickStart", "OrgServiceQuickStart\OrgServiceQuickStart.csproj", "{06EDE2C9-ECEF-46BC-A421-B78C0E5C7805}"
EndProject
Global
	GlobalSection(SolutionConfigurationPlatforms) = preSolution
		Debug|Any CPU = Debug|Any CPU
		Release|Any CPU = Release|Any CPU
	EndGlobalSection
	GlobalSection(ProjectConfigurationPlatforms) = postSolution
		{06EDE2C9-ECEF-46BC-A421-B78C0E5C7805}.Debug|Any CPU.ActiveCfg = Debug|Any CPU
		{06EDE2C9-ECEF-46BC-A421-B78C0E5C7805}.Debug|Any CPU.Build.0 = Debug|Any CPU
		{06EDE2C9-ECEF-46BC-A421-B78C0E5C7805}.Release|Any CPU.ActiveCfg = Release|Any CPU
		{06EDE2C9-ECEF-46BC-A421-B78C0E5C7805}.Release|Any CPU.Build.0 = Release|Any CPU
	EndGlobalSection
	GlobalSection(SolutionProperties) = preSolution
		HideSolutionNode = FALSE
	EndGlobalSection
	GlobalSection(ExtensibilityGlobals) = postSolution
		SolutionGuid = {6B7EF367-4744-413B-AFC1-A37D8D82BA6F}
	EndGlobalSection
EndGlobal
