
Microsoft Visual Studio Solution File, Format Version 12.00
# Visual Studio Version 16
VisualStudioVersion = 16.0.31729.503
MinimumVisualStudioVersion = 10.0.40219.1
Project("{FAE04EC0-301F-11D3-BF4B-00C04F79EFBC}") = "BasicPlugin", "BasicPlugin\BasicPlugin.csproj", "{B006F40D-566F-4350-9573-FDE82AD5E373}"
EndProject
Global
	GlobalSection(SolutionConfigurationPlatforms) = preSolution
		Debug|Any CPU = Debug|Any CPU
		Release|Any CPU = Release|Any CPU
	EndGlobalSection
	GlobalSection(ProjectConfigurationPlatforms) = postSolution
		{B006F40D-566F-4350-9573-FDE82AD5E373}.Debug|Any CPU.ActiveCfg = Debug|Any CPU
		{B006F40D-566F-4350-9573-FDE82AD5E373}.Debug|Any CPU.Build.0 = Debug|Any CPU
		{B006F40D-566F-4350-9573-FDE82AD5E373}.Release|Any CPU.ActiveCfg = Release|Any CPU
		{B006F40D-566F-4350-9573-FDE82AD5E373}.Release|Any CPU.Build.0 = Release|Any CPU
	EndGlobalSection
	GlobalSection(SolutionProperties) = preSolution
		HideSolutionNode = FALSE
	EndGlobalSection
	GlobalSection(ExtensibilityGlobals) = postSolution
		SolutionGuid = {6CC3E391-247E-44E8-B98D-E6FAE87D1AF9}
	EndGlobalSection
EndGlobal
