
Microsoft Visual Studio Solution File, Format Version 12.00
# Visual Studio Version 16
VisualStudioVersion = 16.0.31729.503
MinimumVisualStudioVersion = 10.0.40219.1
Project("{FAE04EC0-301F-11D3-BF4B-00C04F79EFBC}") = "CosoleAppH3", "ImportFromCsv\CosoleAppH3.csproj", "{B29C591B-A0C6-4A75-9AFA-45A56DCC7A74}"
EndProject
Global
	GlobalSection(SolutionConfigurationPlatforms) = preSolution
		Debug|Any CPU = Debug|Any CPU
		Release|Any CPU = Release|Any CPU
	EndGlobalSection
	GlobalSection(ProjectConfigurationPlatforms) = postSolution
		{B29C591B-A0C6-4A75-9AFA-45A56DCC7A74}.Debug|Any CPU.ActiveCfg = Debug|Any CPU
		{B29C591B-A0C6-4A75-9AFA-45A56DCC7A74}.Debug|Any CPU.Build.0 = Debug|Any CPU
		{B29C591B-A0C6-4A75-9AFA-45A56DCC7A74}.Release|Any CPU.ActiveCfg = Release|Any CPU
		{B29C591B-A0C6-4A75-9AFA-45A56DCC7A74}.Release|Any CPU.Build.0 = Release|Any CPU
	EndGlobalSection
	GlobalSection(SolutionProperties) = preSolution
		HideSolutionNode = FALSE
	EndGlobalSection
	GlobalSection(ExtensibilityGlobals) = postSolution
		SolutionGuid = {46C23C71-A8D8-45D2-878A-000F1DAFB628}
	EndGlobalSection
EndGlobal
